// !$*UTF8*$!
{
	archiveVersion = 1;
	classes = {
	};
	objectVersion = 46;
	objects = {

/* Begin PBXBuildFile section */
		7ADF639B1E78B14F0010007A /* AppDelegate.swift in Sources */ = {isa = PBXBuildFile; fileRef = 7ADF639A1E78B14F0010007A /* AppDelegate.swift */; };
		7ADF639D1E78B14F0010007A /* ViewController.swift in Sources */ = {isa = PBXBuildFile; fileRef = 7ADF639C1E78B14F0010007A /* ViewController.swift */; };
		7ADF63A01E78B14F0010007A /* Main.storyboard in Resources */ = {isa = PBXBuildFile; fileRef = 7ADF639E1E78B14F0010007A /* Main.storyboard */; };
		7ADF63A21E78B14F0010007A /* Assets.xcassets in Resources */ = {isa = PBXBuildFile; fileRef = 7ADF63A11E78B14F0010007A /* Assets.xcassets */; };
		7ADF63A51E78B14F0010007A /* LaunchScreen.storyboard in Resources */ = {isa = PBXBuildFile; fileRef = 7ADF63A31E78B14F0010007A /* LaunchScreen.storyboard */; };
		7ADF63B01E78B14F0010007A /* Shake_It_UpTests.swift in Sources */ = {isa = PBXBuildFile; fileRef = 7ADF63AF1E78B14F0010007A /* Shake_It_UpTests.swift */; };
		7ADF63BB1E78B14F0010007A /* Shake_It_UpUITests.swift in Sources */ = {isa = PBXBuildFile; fileRef = 7ADF63BA1E78B14F0010007A /* Shake_It_UpUITests.swift */; };
/* End PBXBuildFile section */

/* Begin PBXContainerItemProxy section */
		7ADF63AC1E78B14F0010007A /* PBXContainerItemProxy */ = {
			isa = PBXContainerItemProxy;
			containerPortal = 7ADF638F1E78B14F0010007A /* Project object */;
			proxyType = 1;
			remoteGlobalIDString = 7ADF63961E78B14F0010007A;
			remoteInfo = "Shake It Up";
		};
		7ADF63B71E78B14F0010007A /* PBXContainerItemProxy */ = {
			isa = PBXContainerItemProxy;
			containerPortal = 7ADF638F1E78B14F0010007A /* Project object */;
			proxyType = 1;
			remoteGlobalIDString = 7ADF63961E78B14F0010007A;
			remoteInfo = "Shake It Up";
		};
/* End PBXContainerItemProxy section */

/* Begin PBXFileReference section */
		7ADF63971E78B14F0010007A /* Shake It Up.app */ = {isa = PBXFileReference; explicitFileType = wrapper.application; includeInIndex = 0; path = "Shake It Up.app"; sourceTree = BUILT_PRODUCTS_DIR; };
		7ADF639A1E78B14F0010007A /* AppDelegate.swift */ = {isa = PBXFileReference; lastKnownFileType = sourcecode.swift; path = AppDelegate.swift; sourceTree = "<group>"; };
		7ADF639C1E78B14F0010007A /* ViewController.swift */ = {isa = PBXFileReference; lastKnownFileType = sourcecode.swift; path = ViewController.swift; sourceTree = "<group>"; };
		7ADF639F1E78B14F0010007A /* Base */ = {isa = PBXFileReference; lastKnownFileType = file.storyboard; name = Base; path = Base.lproj/Main.storyboard; sourceTree = "<group>"; };
		7ADF63A11E78B14F0010007A /* Assets.xcassets */ = {isa = PBXFileReference; lastKnownFileType = folder.assetcatalog; path = Assets.xcassets; sourceTree = "<group>"; };
		7ADF63A41E78B14F0010007A /* Base */ = {isa = PBXFileReference; lastKnownFileType = file.storyboard; name = Base; path = Base.lproj/LaunchScreen.storyboard; sourceTree = "<group>"; };
		7ADF63A61E78B14F0010007A /* Info.plist */ = {isa = PBXFileReference; lastKnownFileType = text.plist.xml; path = Info.plist; sourceTree = "<group>"; };
		7ADF63AB1E78B14F0010007A /* Shake It UpTests.xctest */ = {isa = PBXFileReference; explicitFileType = wrapper.cfbundle; includeInIndex = 0; path = "Shake It UpTests.xctest"; sourceTree = BUILT_PRODUCTS_DIR; };
		7ADF63AF1E78B14F0010007A /* Shake_It_UpTests.swift */ = {isa = PBXFileReference; lastKnownFileType = sourcecode.swift; path = Shake_It_UpTests.swift; sourceTree = "<group>"; };
		7ADF63B11E78B14F0010007A /* Info.plist */ = {isa = PBXFileReference; lastKnownFileType = text.plist.xml; path = Info.plist; sourceTree = "<group>"; };
		7ADF63B61E78B14F0010007A /* Shake It UpUITests.xctest */ = {isa = PBXFileReference; explicitFileType = wrapper.cfbundle; includeInIndex = 0; path = "Shake It UpUITests.xctest"; sourceTree = BUILT_PRODUCTS_DIR; };
		7ADF63BA1E78B14F0010007A /* Shake_It_UpUITests.swift */ = {isa = PBXFileReference; lastKnownFileType = sourcecode.swift; path = Shake_It_UpUITests.swift; sourceTree = "<group>"; };
		7ADF63BC1E78B14F0010007A /* Info.plist */ = {isa = PBXFileReference; lastKnownFileType = text.plist.xml; path = Info.plist; sourceTree = "<group>"; };
/* End PBXFileReference section */

/* Begin PBXFrameworksBuildPhase section */
		7ADF63941E78B14F0010007A /* Frameworks */ = {
			isa = PBXFrameworksBuildPhase;
			buildActionMask = 2147483647;
			files = (
			);
			runOnlyForDeploymentPostprocessing = 0;
		};
		7ADF63A81E78B14F0010007A /* Frameworks */ = {
			isa = PBXFrameworksBuildPhase;
			buildActionMask = 2147483647;
			files = (
			);
			runOnlyForDeploymentPostprocessing = 0;
		};
		7ADF63B31E78B14F0010007A /* Frameworks */ = {
			isa = PBXFrameworksBuildPhase;
			buildActionMask = 2147483647;
			files = (
			);
			runOnlyForDeploymentPostprocessing = 0;
		};
/* End PBXFrameworksBuildPhase section */

/* Begin PBXGroup section */
		7ADF638E1E78B14F0010007A = {
			isa = PBXGroup;
			children = (
				7ADF63991E78B14F0010007A /* Shake It Up */,
				7ADF63AE1E78B14F0010007A /* Shake It UpTests */,
				7ADF63B91E78B14F0010007A /* Shake It UpUITests */,
				7ADF63981E78B14F0010007A /* Products */,
			);
			sourceTree = "<group>";
		};
		7ADF63981E78B14F0010007A /* Products */ = {
			isa = PBXGroup;
			children = (
				7ADF63971E78B14F0010007A /* Shake It Up.app */,
				7ADF63AB1E78B14F0010007A /* Shake It UpTests.xctest */,
				7ADF63B61E78B14F0010007A /* Shake It UpUITests.xctest */,
			);
			name = Products;
			sourceTree = "<group>";
		};
		7ADF63991E78B14F0010007A /* Shake It Up */ = {
			isa = PBXGroup;
			children = (
				7ADF639A1E78B14F0010007A /* AppDelegate.swift */,
				7ADF639C1E78B14F0010007A /* ViewController.swift */,
				7ADF639E1E78B14F0010007A /* Main.storyboard */,
				7ADF63A11E78B14F0010007A /* Assets.xcassets */,
				7ADF63A31E78B14F0010007A /* LaunchScreen.storyboard */,
				7ADF63A61E78B14F0010007A /* Info.plist */,
			);
			path = "Shake It Up";
			sourceTree = "<group>";
		};
		7ADF63AE1E78B14F0010007A /* Shake It UpTests */ = {
			isa = PBXGroup;
			children = (
				7ADF63AF1E78B14F0010007A /* Shake_It_UpTests.swift */,
				7ADF63B11E78B14F0010007A /* Info.plist */,
			);
			path = "Shake It UpTests";
			sourceTree = "<group>";
		};
		7ADF63B91E78B14F0010007A /* Shake It UpUITests */ = {
			isa = PBXGroup;
			children = (
				7ADF63BA1E78B14F0010007A /* Shake_It_UpUITests.swift */,
				7ADF63BC1E78B14F0010007A /* Info.plist */,
			);
			path = "Shake It UpUITests";
			sourceTree = "<group>";
		};
/* End PBXGroup section */

/* Begin PBXNativeTarget section */
		7ADF63961E78B14F0010007A /* Shake It Up */ = {
			isa = PBXNativeTarget;
			buildConfigurationList = 7ADF63BF1E78B14F0010007A /* Build configuration list for PBXNativeTarget "Shake It Up" */;
			buildPhases = (
				7ADF63931E78B14F0010007A /* Sources */,
				7ADF63941E78B14F0010007A /* Frameworks */,
				7ADF63951E78B14F0010007A /* Resources */,
			);
			buildRules = (
			);
			dependencies = (
			);
			name = "Shake It Up";
			productName = "Shake It Up";
			productReference = 7ADF63971E78B14F0010007A /* Shake It Up.app */;
			productType = "com.apple.product-type.application";
		};
		7ADF63AA1E78B14F0010007A /* Shake It UpTests */ = {
			isa = PBXNativeTarget;
			buildConfigurationList = 7ADF63C21E78B14F0010007A /* Build configuration list for PBXNativeTarget "Shake It UpTests" */;
			buildPhases = (
				7ADF63A71E78B14F0010007A /* Sources */,
				7ADF63A81E78B14F0010007A /* Frameworks */,
				7ADF63A91E78B14F0010007A /* Resources */,
			);
			buildRules = (
			);
			dependencies = (
				7ADF63AD1E78B14F0010007A /* PBXTargetDependency */,
			);
			name = "Shake It UpTests";
			productName = "Shake It UpTests";
			productReference = 7ADF63AB1E78B14F0010007A /* Shake It UpTests.xctest */;
			productType = "com.apple.product-type.bundle.unit-test";
		};
		7ADF63B51E78B14F0010007A /* Shake It UpUITests */ = {
			isa = PBXNativeTarget;
			buildConfigurationList = 7ADF63C51E78B14F0010007A /* Build configuration list for PBXNativeTarget "Shake It UpUITests" */;
			buildPhases = (
				7ADF63B21E78B14F0010007A /* Sources */,
				7ADF63B31E78B14F0010007A /* Frameworks */,
				7ADF63B41E78B14F0010007A /* Resources */,
			);
			buildRules = (
			);
			dependencies = (
				7ADF63B81E78B14F0010007A /* PBXTargetDependency */,
			);
			name = "Shake It UpUITests";
			productName = "Shake It UpUITests";
			productReference = 7ADF63B61E78B14F0010007A /* Shake It UpUITests.xctest */;
			productType = "com.apple.product-type.bundle.ui-testing";
		};
/* End PBXNativeTarget section */

/* Begin PBXProject section */
		7ADF638F1E78B14F0010007A /* Project object */ = {
			isa = PBXProject;
			attributes = {
				LastSwiftUpdateCheck = 0830;
				LastUpgradeCheck = 0830;
				ORGANIZATIONNAME = "Adrien Maranville";
				TargetAttributes = {
					7ADF63961E78B14F0010007A = {
						CreatedOnToolsVersion = 8.3;
						DevelopmentTeam = 5342GBW3S2;
						ProvisioningStyle = Automatic;
					};
					7ADF63AA1E78B14F0010007A = {
						CreatedOnToolsVersion = 8.3;
						DevelopmentTeam = 5342GBW3S2;
						ProvisioningStyle = Automatic;
						TestTargetID = 7ADF63961E78B14F0010007A;
					};
					7ADF63B51E78B14F0010007A = {
						CreatedOnToolsVersion = 8.3;
						DevelopmentTeam = 5342GBW3S2;
						ProvisioningStyle = Automatic;
						TestTargetID = 7ADF63961E78B14F0010007A;
					};
				};
			};
			buildConfigurationList = 7ADF63921E78B14F0010007A /* Build configuration list for PBXProject "Shake It Up" */;
			compatibilityVersion = "Xcode 3.2";
			developmentRegion = English;
			hasScannedForEncodings = 0;
			knownRegions = (
				en,
				Base,
			);
			mainGroup = 7ADF638E1E78B14F0010007A;
			productRefGroup = 7ADF63981E78B14F0010007A /* Products */;
			projectDirPath = "";
			projectRoot = "";
			targets = (
				7ADF63961E78B14F0010007A /* Shake It Up */,
				7ADF63AA1E78B14F0010007A /* Shake It UpTests */,
				7ADF63B51E78B14F0010007A /* Shake It UpUITests */,
			);
		};
/* End PBXProject section */

/* Begin PBXResourcesBuildPhase section */
		7ADF63951E78B14F0010007A /* Resources */ = {
			isa = PBXResourcesBuildPhase;
			buildActionMask = 2147483647;
			files = (
				7ADF63A51E78B14F0010007A /* LaunchScreen.storyboard in Resources */,
				7ADF63A21E78B14F0010007A /* Assets.xcassets in Resources */,
				7ADF63A01E78B14F0010007A /* Main.storyboard in Resources */,
			);
			runOnlyForDeploymentPostprocessing = 0;
		};
		7ADF63A91E78B14F0010007A /* Resources */ = {
			isa = PBXResourcesBuildPhase;
			buildActionMask = 2147483647;
			files = (
			);
			runOnlyForDeploymentPostprocessing = 0;
		};
		7ADF63B41E78B14F0010007A /* Resources */ = {
			isa = PBXResourcesBuildPhase;
			buildActionMask = 2147483647;
			files = (
			);
			runOnlyForDeploymentPostprocessing = 0;
		};
/* End PBXResourcesBuildPhase section */

/* Begin PBXSourcesBuildPhase section */
		7ADF63931E78B14F0010007A /* Sources */ = {
			isa = PBXSourcesBuildPhase;
			buildActionMask = 2147483647;
			files = (
				7ADF639D1E78B14F0010007A /* ViewController.swift in Sources */,
				7ADF639B1E78B14F0010007A /* AppDelegate.swift in Sources */,
			);
			runOnlyForDeploymentPostprocessing = 0;
		};
		7ADF63A71E78B14F0010007A /* Sources */ = {
			isa = PBXSourcesBuildPhase;
			buildActionMask = 2147483647;
			files = (
				7ADF63B01E78B14F0010007A /* Shake_It_UpTests.swift in Sources */,
			);
			runOnlyForDeploymentPostprocessing = 0;
		};
		7ADF63B21E78B14F0010007A /* Sources */ = {
			isa = PBXSourcesBuildPhase;
			buildActionMask = 2147483647;
			files = (
				7ADF63BB1E78B14F0010007A /* Shake_It_UpUITests.swift in Sources */,
			);
			runOnlyForDeploymentPostprocessing = 0;
		};
/* End PBXSourcesBuildPhase section */

/* Begin PBXTargetDependency section */
		7ADF63AD1E78B14F0010007A /* PBXTargetDependency */ = {
			isa = PBXTargetDependency;
			target = 7ADF63961E78B14F0010007A /* Shake It Up */;
			targetProxy = 7ADF63AC1E78B14F0010007A /* PBXContainerItemProxy */;
		};
		7ADF63B81E78B14F0010007A /* PBXTargetDependency */ = {
			isa = PBXTargetDependency;
			target = 7ADF63961E78B14F0010007A /* Shake It Up */;
			targetProxy = 7ADF63B71E78B14F0010007A /* PBXContainerItemProxy */;
		};
/* End PBXTargetDependency section */

/* Begin PBXVariantGroup section */
		7ADF639E1E78B14F0010007A /* Main.storyboard */ = {
			isa = PBXVariantGroup;
			children = (
				7ADF639F1E78B14F0010007A /* Base */,
			);
			name = Main.storyboard;
			sourceTree = "<group>";
		};
		7ADF63A31E78B14F0010007A /* LaunchScreen.storyboard */ = {
			isa = PBXVariantGroup;
			children = (
				7ADF63A41E78B14F0010007A /* Base */,
			);
			name = LaunchScreen.storyboard;
			sourceTree = "<group>";
		};
/* End PBXVariantGroup section */

/* Begin XCBuildConfiguration section */
		7ADF63BD1E78B14F0010007A /* Debug */ = {
			isa = XCBuildConfiguration;
			buildSettings = {
				ALWAYS_SEARCH_USER_PATHS = NO;
				CLANG_ANALYZER_NONNULL = YES;
				CLANG_ANALYZER_NUMBER_OBJECT_CONVERSION = YES_AGGRESSIVE;
				CLANG_CXX_LANGUAGE_STANDARD = "gnu++0x";
				CLANG_CXX_LIBRARY = "libc++";
				CLANG_ENABLE_MODULES = YES;
				CLANG_ENABLE_OBJC_ARC = YES;
				CLANG_WARN_BOOL_CONVERSION = YES;
				CLANG_WARN_CONSTANT_CONVERSION = YES;
				CLANG_WARN_DIRECT_OBJC_ISA_USAGE = YES_ERROR;
				CLANG_WARN_DOCUMENTATION_COMMENTS = YES;
				CLANG_WARN_EMPTY_BODY = YES;
				CLANG_WARN_ENUM_CONVERSION = YES;
				CLANG_WARN_INFINITE_RECURSION = YES;
				CLANG_WARN_INT_CONVERSION = YES;
				CLANG_WARN_OBJC_ROOT_CLASS = YES_ERROR;
				CLANG_WARN_SUSPICIOUS_MOVE = YES;
				CLANG_WARN_UNREACHABLE_CODE = YES;
				CLANG_WARN__DUPLICATE_METHOD_MATCH = YES;
				"CODE_SIGN_IDENTITY[sdk=iphoneos*]" = "iPhone Developer";
				COPY_PHASE_STRIP = NO;
				DEBUG_INFORMATION_FORMAT = dwarf;
				ENABLE_STRICT_OBJC_MSGSEND = YES;
				ENABLE_TESTABILITY = YES;
				GCC_C_LANGUAGE_STANDARD = gnu99;
				GCC_DYNAMIC_NO_PIC = NO;
				GCC_NO_COMMON_BLOCKS = YES;
				GCC_OPTIMIZATION_LEVEL = 0;
				GCC_PREPROCESSOR_DEFINITIONS = (
					"DEBUG=1",
					"$(inherited)",
				);
				GCC_WARN_64_TO_32_BIT_CONVERSION = YES;
				GCC_WARN_ABOUT_RETURN_TYPE = YES_ERROR;
				GCC_WARN_UNDECLARED_SELECTOR = YES;
				GCC_WARN_UNINITIALIZED_AUTOS = YES_AGGRESSIVE;
				GCC_WARN_UNUSED_FUNCTION = YES;
				GCC_WARN_UNUSED_VARIABLE = YES;
				IPHONEOS_DEPLOYMENT_TARGET = 10.3;
				MTL_ENABLE_DEBUG_INFO = YES;
				ONLY_ACTIVE_ARCH = YES;
				SDKROOT = iphoneos;
				SWIFT_ACTIVE_COMPILATION_CONDITIONS = DEBUG;
				SWIFT_OPTIMIZATION_LEVEL = "-Onone";
			};
			name = Debug;
		};
		7ADF63BE1E78B14F0010007A /* Release */ = {
			isa = XCBuildConfiguration;
			buildSettings = {
				ALWAYS_SEARCH_USER_PATHS = NO;
				CLANG_ANALYZER_NONNULL = YES;
				CLANG_ANALYZER_NUMBER_OBJECT_CONVERSION = YES_AGGRESSIVE;
				CLANG_CXX_LANGUAGE_STANDARD = "gnu++0x";
				CLANG_CXX_LIBRARY = "libc++";
				CLANG_ENABLE_MODULES = YES;
				CLANG_ENABLE_OBJC_ARC = YES;
				CLANG_WARN_BOOL_CONVERSION = YES;
				CLANG_WARN_CONSTANT_CONVERSION = YES;
				CLANG_WARN_DIRECT_OBJC_ISA_USAGE = YES_ERROR;
				CLANG_WARN_DOCUMENTATION_COMMENTS = YES;
				CLANG_WARN_EMPTY_BODY = YES;
				CLANG_WARN_ENUM_CONVERSION = YES;
				CLANG_WARN_INFINITE_RECURSION = YES;
				CLANG_WARN_INT_CONVERSION = YES;
				CLANG_WARN_OBJC_ROOT_CLASS = YES_ERROR;
				CLANG_WARN_SUSPICIOUS_MOVE = YES;
				CLANG_WARN_UNREACHABLE_CODE = YES;
				CLANG_WARN__DUPLICATE_METHOD_MATCH = YES;
				"CODE_SIGN_IDENTITY[sdk=iphoneos*]" = "iPhone Developer";
				COPY_PHASE_STRIP = NO;
				DEBUG_INFORMATION_FORMAT = "dwarf-with-dsym";
				ENABLE_NS_ASSERTIONS = NO;
				ENABLE_STRICT_OBJC_MSGSEND = YES;
				GCC_C_LANGUAGE_STANDARD = gnu99;
				GCC_NO_COMMON_BLOCKS = YES;
				GCC_WARN_64_TO_32_BIT_CONVERSION = YES;
				GCC_WARN_ABOUT_RETURN_TYPE = YES_ERROR;
				GCC_WARN_UNDECLARED_SELECTOR = YES;
				GCC_WARN_UNINITIALIZED_AUTOS = YES_AGGRESSIVE;
				GCC_WARN_UNUSED_FUNCTION = YES;
				GCC_WARN_UNUSED_VARIABLE = YES;
				IPHONEOS_DEPLOYMENT_TARGET = 10.3;
				MTL_ENABLE_DEBUG_INFO = NO;
				SDKROOT = iphoneos;
				SWIFT_OPTIMIZATION_LEVEL = "-Owholemodule";
				VALIDATE_PRODUCT = YES;
			};
			name = Release;
		};
		7ADF63C01E78B14F0010007A /* Debug */ = {
			isa = XCBuildConfiguration;
			buildSettings = {
				ASSETCATALOG_COMPILER_APPICON_NAME = AppIcon;
				DEVELOPMENT_TEAM = 5342GBW3S2;
				INFOPLIST_FILE = "Shake It Up/Info.plist";
				LD_RUNPATH_SEARCH_PATHS = "$(inherited) @executable_path/Frameworks";
				PRODUCT_BUNDLE_IDENTIFIER = "Maranville-Designs.Shake-It-Up";
				PRODUCT_NAME = "$(TARGET_NAME)";
				SWIFT_VERSION = 3.0;
			};
			name = Debug;
		};
		7ADF63C11E78B14F0010007A /* Release */ = {
			isa = XCBuildConfiguration;
			buildSettings = {
				ASSETCATALOG_COMPILER_APPICON_NAME = AppIcon;
				DEVELOPMENT_TEAM = 5342GBW3S2;
				INFOPLIST_FILE = "Shake It Up/Info.plist";
				LD_RUNPATH_SEARCH_PATHS = "$(inherited) @executable_path/Frameworks";
				PRODUCT_BUNDLE_IDENTIFIER = "Maranville-Designs.Shake-It-Up";
				PRODUCT_NAME = "$(TARGET_NAME)";
				SWIFT_VERSION = 3.0;
			};
			name = Release;
		};
		7ADF63C31E78B14F0010007A /* Debug */ = {
			isa = XCBuildConfiguration;
			buildSettings = {
				ALWAYS_EMBED_SWIFT_STANDARD_LIBRARIES = YES;
				BUNDLE_LOADER = "$(TEST_HOST)";
				DEVELOPMENT_TEAM = 5342GBW3S2;
				INFOPLIST_FILE = "Shake It UpTests/Info.plist";
				LD_RUNPATH_SEARCH_PATHS = "$(inherited) @executable_path/Frameworks @loader_path/Frameworks";
				PRODUCT_BUNDLE_IDENTIFIER = "Maranville-Designs.Shake-It-UpTests";
				PRODUCT_NAME = "$(TARGET_NAME)";
				SWIFT_VERSION = 3.0;
				TEST_HOST = "$(BUILT_PRODUCTS_DIR)/Shake It Up.app/Shake It Up";
			};
			name = Debug;
		};
		7ADF63C41E78B14F0010007A /* Release */ = {
			isa = XCBuildConfiguration;
			buildSettings = {
				ALWAYS_EMBED_SWIFT_STANDARD_LIBRARIES = YES;
				BUNDLE_LOADER = "$(TEST_HOST)";
				DEVELOPMENT_TEAM = 5342GBW3S2;
				INFOPLIST_FILE = "Shake It UpTests/Info.plist";
				LD_RUNPATH_SEARCH_PATHS = "$(inherited) @executable_path/Frameworks @loader_path/Frameworks";
				PRODUCT_BUNDLE_IDENTIFIER = "Maranville-Designs.Shake-It-UpTests";
				PRODUCT_NAME = "$(TARGET_NAME)";
				SWIFT_VERSION = 3.0;
				TEST_HOST = "$(BUILT_PRODUCTS_DIR)/Shake It Up.app/Shake It Up";
			};
			name = Release;
		};
		7ADF63C61E78B14F0010007A /* Debug */ = {
			isa = XCBuildConfiguration;
			buildSettings = {
				ALWAYS_EMBED_SWIFT_STANDARD_LIBRARIES = YES;
				DEVELOPMENT_TEAM = 5342GBW3S2;
				INFOPLIST_FILE = "Shake It UpUITests/Info.plist";
				LD_RUNPATH_SEARCH_PATHS = "$(inherited) @executable_path/Frameworks @loader_path/Frameworks";
				PRODUCT_BUNDLE_IDENTIFIER = "Maranville-Designs.Shake-It-UpUITests";
				PRODUCT_NAME = "$(TARGET_NAME)";
				SWIFT_VERSION = 3.0;
				TEST_TARGET_NAME = "Shake It Up";
			};
			name = Debug;
		};
		7ADF63C71E78B14F0010007A /* Release */ = {
			isa = XCBuildConfiguration;
			buildSettings = {
				ALWAYS_EMBED_SWIFT_STANDARD_LIBRARIES = YES;
				DEVELOPMENT_TEAM = 5342GBW3S2;
				INFOPLIST_FILE = "Shake It UpUITests/Info.plist";
				LD_RUNPATH_SEARCH_PATHS = "$(inherited) @executable_path/Frameworks @loader_path/Frameworks";
				PRODUCT_BUNDLE_IDENTIFIER = "Maranville-Designs.Shake-It-UpUITests";
				PRODUCT_NAME = "$(TARGET_NAME)";
				SWIFT_VERSION = 3.0;
				TEST_TARGET_NAME = "Shake It Up";
			};
			name = Release;
		};
/* End XCBuildConfiguration section */

/* Begin XCConfigurationList section */
		7ADF63921E78B14F0010007A /* Build configuration list for PBXProject "Shake It Up" */ = {
			isa = XCConfigurationList;
			buildConfigurations = (
				7ADF63BD1E78B14F0010007A /* Debug */,
				7ADF63BE1E78B14F0010007A /* Release */,
			);
			defaultConfigurationIsVisible = 0;
			defaultConfigurationName = Release;
		};
		7ADF63BF1E78B14F0010007A /* Build configuration list for PBXNativeTarget "Shake It Up" */ = {
			isa = XCConfigurationList;
			buildConfigurations = (
				7ADF63C01E78B14F0010007A /* Debug */,
				7ADF63C11E78B14F0010007A /* Release */,
			);
			defaultConfigurationIsVisible = 0;
		};
		7ADF63C21E78B14F0010007A /* Build configuration list for PBXNativeTarget "Shake It UpTests" */ = {
			isa = XCConfigurationList;
			buildConfigurations = (
				7ADF63C31E78B14F0010007A /* Debug */,
				7ADF63C41E78B14F0010007A /* Release */,
			);
			defaultConfigurationIsVisible = 0;
		};
		7ADF63C51E78B14F0010007A /* Build configuration list for PBXNativeTarget "Shake It UpUITests" */ = {
			isa = XCConfigurationList;
			buildConfigurations = (
				7ADF63C61E78B14F0010007A /* Debug */,
				7ADF63C71E78B14F0010007A /* Release */,
			);
			defaultConfigurationIsVisible = 0;
		};
/* End XCConfigurationList section */
	};
	rootObject = 7ADF638F1E78B14F0010007A /* Project object */;
}
